
Microsoft Visual Studio Solution File, Format Version 12.00
Project("{2150E333-8FDC-42A3-9474-1A3956D46DE8}") = "Business", "Business", "{A06B8E9C-22BF-46D2-9C9C-823E75917447}"
EndProject
Project("{2150E333-8FDC-42A3-9474-1A3956D46DE8}") = "Core", "Core", "{BD8F5627-9A81-4139-BFAF-190CB3F8624F}"
EndProject
Project("{2150E333-8FDC-42A3-9474-1A3956D46DE8}") = "DataAccess", "DataAccess", "{63078820-5D95-4FA6-BC9A-A94BD6BB6BB2}"
EndProject
Project("{2150E333-8FDC-42A3-9474-1A3956D46DE8}") = "Entities", "Entities", "{60B5613C-BFCF-4145-A250-BFCC86F7BBDD}"
EndProject
Project("{2150E333-8FDC-42A3-9474-1A3956D46DE8}") = "LayeredArchitectureSimple", "LayeredArchitectureSimple", "{0DA5AEC0-FF8F-4697-843C-DC7781F9C81F}"
EndProject
Project("{2150E333-8FDC-42A3-9474-1A3956D46DE8}") = "Abstracts", "Abstracts", "{297853AC-DCAF-4E55-876E-F71D183B849C}"
EndProject
Project("{2150E333-8FDC-42A3-9474-1A3956D46DE8}") = "Concretes", "Concretes", "{4460D47E-6ED6-4432-93F8-EB9A0D3757A2}"
EndProject
Project("{2150E333-8FDC-42A3-9474-1A3956D46DE8}") = "Abstracts", "Abstracts", "{0BC461EB-BE35-4381-8D7C-76041A3AD569}"
EndProject
Project("{2150E333-8FDC-42A3-9474-1A3956D46DE8}") = "Concreates", "Concreates", "{A9F0470D-52B2-4758-8630-70883CC60884}"
EndProject
Project("{2150E333-8FDC-42A3-9474-1A3956D46DE8}") = "Repository", "Repository", "{A5525AD2-024C-4335-BC4D-A05D6F7BA667}"
EndProject
Project("{2150E333-8FDC-42A3-9474-1A3956D46DE8}") = "Models", "Models", "{37387DEB-69CF-4956-8BA7-5839283E23B3}"
EndProject
Project("{FAE04EC0-301F-11D3-BF4B-00C04F79EFBC}") = "WebApplication1", "WebApplication1\WebApplication1.csproj", "{B9D8D5EF-C27B-4A61-A270-D2BA7562F175}"
EndProject
Global
	GlobalSection(SolutionConfigurationPlatforms) = preSolution
		Debug|Any CPU = Debug|Any CPU
		Release|Any CPU = Release|Any CPU
	EndGlobalSection
	GlobalSection(NestedProjects) = preSolution
		{297853AC-DCAF-4E55-876E-F71D183B849C} = {A06B8E9C-22BF-46D2-9C9C-823E75917447}
		{4460D47E-6ED6-4432-93F8-EB9A0D3757A2} = {A06B8E9C-22BF-46D2-9C9C-823E75917447}
		{0BC461EB-BE35-4381-8D7C-76041A3AD569} = {63078820-5D95-4FA6-BC9A-A94BD6BB6BB2}
		{A9F0470D-52B2-4758-8630-70883CC60884} = {63078820-5D95-4FA6-BC9A-A94BD6BB6BB2}
		{A5525AD2-024C-4335-BC4D-A05D6F7BA667} = {BD8F5627-9A81-4139-BFAF-190CB3F8624F}
		{37387DEB-69CF-4956-8BA7-5839283E23B3} = {60B5613C-BFCF-4145-A250-BFCC86F7BBDD}
		{B9D8D5EF-C27B-4A61-A270-D2BA7562F175} = {0DA5AEC0-FF8F-4697-843C-DC7781F9C81F}
	EndGlobalSection
	GlobalSection(ProjectConfigurationPlatforms) = postSolution
		{B9D8D5EF-C27B-4A61-A270-D2BA7562F175}.Debug|Any CPU.ActiveCfg = Debug|Any CPU
		{B9D8D5EF-C27B-4A61-A270-D2BA7562F175}.Debug|Any CPU.Build.0 = Debug|Any CPU
		{B9D8D5EF-C27B-4A61-A270-D2BA7562F175}.Release|Any CPU.ActiveCfg = Release|Any CPU
		{B9D8D5EF-C27B-4A61-A270-D2BA7562F175}.Release|Any CPU.Build.0 = Release|Any CPU
	EndGlobalSection
EndGlobal
