
Microsoft Visual Studio Solution File, Format Version 12.00
Project("{FAE04EC0-301F-11D3-BF4B-00C04F79EFBC}") = "Business", "Business\Business.csproj", "{49509112-E2D3-451B-ACB4-B35AEB2D04A9}"
EndProject
Project("{FAE04EC0-301F-11D3-BF4B-00C04F79EFBC}") = "Core", "Core\Core.csproj", "{0F90FD0A-11B2-4D7A-BF64-2A012C7989C8}"
EndProject
Project("{FAE04EC0-301F-11D3-BF4B-00C04F79EFBC}") = "DataAccsess", "DataAccsess\DataAccsess.csproj", "{34F3A0AE-2C14-4018-82C0-7485F836027B}"
EndProject
Project("{FAE04EC0-301F-11D3-BF4B-00C04F79EFBC}") = "Entities", "Entities\Entities.csproj", "{A9F3F5F8-9AD6-4C67-AF91-28F07885CEBB}"
EndProject
Project("{FAE04EC0-301F-11D3-BF4B-00C04F79EFBC}") = "LayeredArchitectureSimplee", "LayeredArchitectureSimplee\LayeredArchitectureSimplee.csproj", "{851803F8-18CD-4AA4-91A0-51B7E5AD33DB}"
EndProject
Global
	GlobalSection(SolutionConfigurationPlatforms) = preSolution
		Debug|Any CPU = Debug|Any CPU
		Release|Any CPU = Release|Any CPU
	EndGlobalSection
	GlobalSection(NestedProjects) = preSolution
	EndGlobalSection
	GlobalSection(ProjectConfigurationPlatforms) = postSolution
		{49509112-E2D3-451B-ACB4-B35AEB2D04A9}.Debug|Any CPU.ActiveCfg = Debug|Any CPU
		{49509112-E2D3-451B-ACB4-B35AEB2D04A9}.Debug|Any CPU.Build.0 = Debug|Any CPU
		{49509112-E2D3-451B-ACB4-B35AEB2D04A9}.Release|Any CPU.ActiveCfg = Release|Any CPU
		{49509112-E2D3-451B-ACB4-B35AEB2D04A9}.Release|Any CPU.Build.0 = Release|Any CPU
		{0F90FD0A-11B2-4D7A-BF64-2A012C7989C8}.Debug|Any CPU.ActiveCfg = Debug|Any CPU
		{0F90FD0A-11B2-4D7A-BF64-2A012C7989C8}.Debug|Any CPU.Build.0 = Debug|Any CPU
		{0F90FD0A-11B2-4D7A-BF64-2A012C7989C8}.Release|Any CPU.ActiveCfg = Release|Any CPU
		{0F90FD0A-11B2-4D7A-BF64-2A012C7989C8}.Release|Any CPU.Build.0 = Release|Any CPU
		{34F3A0AE-2C14-4018-82C0-7485F836027B}.Debug|Any CPU.ActiveCfg = Debug|Any CPU
		{34F3A0AE-2C14-4018-82C0-7485F836027B}.Debug|Any CPU.Build.0 = Debug|Any CPU
		{34F3A0AE-2C14-4018-82C0-7485F836027B}.Release|Any CPU.ActiveCfg = Release|Any CPU
		{34F3A0AE-2C14-4018-82C0-7485F836027B}.Release|Any CPU.Build.0 = Release|Any CPU
		{A9F3F5F8-9AD6-4C67-AF91-28F07885CEBB}.Debug|Any CPU.ActiveCfg = Debug|Any CPU
		{A9F3F5F8-9AD6-4C67-AF91-28F07885CEBB}.Debug|Any CPU.Build.0 = Debug|Any CPU
		{A9F3F5F8-9AD6-4C67-AF91-28F07885CEBB}.Release|Any CPU.ActiveCfg = Release|Any CPU
		{A9F3F5F8-9AD6-4C67-AF91-28F07885CEBB}.Release|Any CPU.Build.0 = Release|Any CPU
		{851803F8-18CD-4AA4-91A0-51B7E5AD33DB}.Debug|Any CPU.ActiveCfg = Debug|Any CPU
		{851803F8-18CD-4AA4-91A0-51B7E5AD33DB}.Debug|Any CPU.Build.0 = Debug|Any CPU
		{851803F8-18CD-4AA4-91A0-51B7E5AD33DB}.Release|Any CPU.ActiveCfg = Release|Any CPU
		{851803F8-18CD-4AA4-91A0-51B7E5AD33DB}.Release|Any CPU.Build.0 = Release|Any CPU
	EndGlobalSection
EndGlobal
